
Microsoft Visual Studio Solution File, Format Version 12.00
# Visual Studio Version 16
VisualStudioVersion = 16.0.29905.134
MinimumVisualStudioVersion = 10.0.40219.1
Project("{FAE04EC0-301F-11D3-BF4B-00C04F79EFBC}") = "Sip123", "Sip123\Sip123.csproj", "{19B089D6-0176-4847-8FB5-A0005F0FCA2E}"
EndProject
Global
	GlobalSection(SolutionConfigurationPlatforms) = preSolution
		Debug|Any CPU = Debug|Any CPU
		Release|Any CPU = Release|Any CPU
	EndGlobalSection
	GlobalSection(ProjectConfigurationPlatforms) = postSolution
		{19B089D6-0176-4847-8FB5-A0005F0FCA2E}.Debug|Any CPU.ActiveCfg = Debug|Any CPU
		{19B089D6-0176-4847-8FB5-A0005F0FCA2E}.Debug|Any CPU.Build.0 = Debug|Any CPU
		{19B089D6-0176-4847-8FB5-A0005F0FCA2E}.Release|Any CPU.ActiveCfg = Release|Any CPU
		{19B089D6-0176-4847-8FB5-A0005F0FCA2E}.Release|Any CPU.Build.0 = Release|Any CPU
	EndGlobalSection
	GlobalSection(SolutionProperties) = preSolution
		HideSolutionNode = FALSE
	EndGlobalSection
	GlobalSection(ExtensibilityGlobals) = postSolution
		SolutionGuid = {3600D910-4FC2-4FF3-9BE4-149202DF1440}
	EndGlobalSection
EndGlobal
